
Microsoft Visual Studio Solution File, Format Version 12.00
# Visual Studio Version 17
VisualStudioVersion = 17.8.34322.80
MinimumVisualStudioVersion = 10.0.40219.1
Project("{FAE04EC0-301F-11D3-BF4B-00C04F79EFBC}") = "CleanArchitecture.WebApi", "CleanArchitecture.WebApi\CleanArchitecture.WebApi.csproj", "{36151EEE-45A3-43F5-9A76-618391EFC894}"
EndProject
Project("{2150E333-8FDC-42A3-9474-1A3956D46DE8}") = "src", "src", "{948AB31A-D962-4A81-A640-A4E8AECAA219}"
EndProject
Project("{2150E333-8FDC-42A3-9474-1A3956D46DE8}") = "Core", "Core", "{12A5F440-C4EA-4291-A007-522031B587A0}"
EndProject
Project("{2150E333-8FDC-42A3-9474-1A3956D46DE8}") = "External", "External", "{EE27D33C-1B4A-4B4C-B26E-1860BDCEAD14}"
EndProject
Project("{FAE04EC0-301F-11D3-BF4B-00C04F79EFBC}") = "CleanArchitecture.Application", "CleanArchitecture.Application\CleanArchitecture.Application.csproj", "{15DBAD79-8064-4052-88D4-9317559AD0AC}"
EndProject
Project("{FAE04EC0-301F-11D3-BF4B-00C04F79EFBC}") = "CleanArchitecture.Domain", "CleanArchitecture.Domain\CleanArchitecture.Domain.csproj", "{F08F21C4-AD6A-4AED-9B5D-78766986AC89}"
EndProject
Project("{FAE04EC0-301F-11D3-BF4B-00C04F79EFBC}") = "CleanArchitecture.Infrastructure", "CleanArchitecture.Infrastructure\CleanArchitecture.Infrastructure.csproj", "{7E56E7B4-718C-420C-BAB3-34B205FAD498}"
EndProject
Project("{FAE04EC0-301F-11D3-BF4B-00C04F79EFBC}") = "CleanArchitecture.Persistance", "CleanArchitecture.Persistance\CleanArchitecture.Persistance.csproj", "{A9CE3C58-3554-4BC2-BB30-4B4AE4CBA79B}"
EndProject
Project("{FAE04EC0-301F-11D3-BF4B-00C04F79EFBC}") = "CleanArchitecture.Presentation", "CleanArchitecture.Presentation\CleanArchitecture.Presentation.csproj", "{5D5F0651-FA46-4857-B6DA-1F4501DCA470}"
EndProject
Project("{2150E333-8FDC-42A3-9474-1A3956D46DE8}") = "test", "test", "{12D1BC84-FFDE-4EFD-95BD-21EAB32341A0}"
EndProject
Project("{FAE04EC0-301F-11D3-BF4B-00C04F79EFBC}") = "CleanArchitecture.UnitTest", "CleanArchitecture.UnitTest\CleanArchitecture.UnitTest.csproj", "{C981A7F4-DCEF-4587-8C87-773FEA962A7E}"
EndProject
Global
	GlobalSection(SolutionConfigurationPlatforms) = preSolution
		Debug|Any CPU = Debug|Any CPU
		Release|Any CPU = Release|Any CPU
	EndGlobalSection
	GlobalSection(ProjectConfigurationPlatforms) = postSolution
		{36151EEE-45A3-43F5-9A76-618391EFC894}.Debug|Any CPU.ActiveCfg = Debug|Any CPU
		{36151EEE-45A3-43F5-9A76-618391EFC894}.Debug|Any CPU.Build.0 = Debug|Any CPU
		{36151EEE-45A3-43F5-9A76-618391EFC894}.Release|Any CPU.ActiveCfg = Release|Any CPU
		{36151EEE-45A3-43F5-9A76-618391EFC894}.Release|Any CPU.Build.0 = Release|Any CPU
		{15DBAD79-8064-4052-88D4-9317559AD0AC}.Debug|Any CPU.ActiveCfg = Debug|Any CPU
		{15DBAD79-8064-4052-88D4-9317559AD0AC}.Debug|Any CPU.Build.0 = Debug|Any CPU
		{15DBAD79-8064-4052-88D4-9317559AD0AC}.Release|Any CPU.ActiveCfg = Release|Any CPU
		{15DBAD79-8064-4052-88D4-9317559AD0AC}.Release|Any CPU.Build.0 = Release|Any CPU
		{F08F21C4-AD6A-4AED-9B5D-78766986AC89}.Debug|Any CPU.ActiveCfg = Debug|Any CPU
		{F08F21C4-AD6A-4AED-9B5D-78766986AC89}.Debug|Any CPU.Build.0 = Debug|Any CPU
		{F08F21C4-AD6A-4AED-9B5D-78766986AC89}.Release|Any CPU.ActiveCfg = Release|Any CPU
		{F08F21C4-AD6A-4AED-9B5D-78766986AC89}.Release|Any CPU.Build.0 = Release|Any CPU
		{7E56E7B4-718C-420C-BAB3-34B205FAD498}.Debug|Any CPU.ActiveCfg = Debug|Any CPU
		{7E56E7B4-718C-420C-BAB3-34B205FAD498}.Debug|Any CPU.Build.0 = Debug|Any CPU
		{7E56E7B4-718C-420C-BAB3-34B205FAD498}.Release|Any CPU.ActiveCfg = Release|Any CPU
		{7E56E7B4-718C-420C-BAB3-34B205FAD498}.Release|Any CPU.Build.0 = Release|Any CPU
		{A9CE3C58-3554-4BC2-BB30-4B4AE4CBA79B}.Debug|Any CPU.ActiveCfg = Debug|Any CPU
		{A9CE3C58-3554-4BC2-BB30-4B4AE4CBA79B}.Debug|Any CPU.Build.0 = Debug|Any CPU
		{A9CE3C58-3554-4BC2-BB30-4B4AE4CBA79B}.Release|Any CPU.ActiveCfg = Release|Any CPU
		{A9CE3C58-3554-4BC2-BB30-4B4AE4CBA79B}.Release|Any CPU.Build.0 = Release|Any CPU
		{5D5F0651-FA46-4857-B6DA-1F4501DCA470}.Debug|Any CPU.ActiveCfg = Debug|Any CPU
		{5D5F0651-FA46-4857-B6DA-1F4501DCA470}.Debug|Any CPU.Build.0 = Debug|Any CPU
		{5D5F0651-FA46-4857-B6DA-1F4501DCA470}.Release|Any CPU.ActiveCfg = Release|Any CPU
		{5D5F0651-FA46-4857-B6DA-1F4501DCA470}.Release|Any CPU.Build.0 = Release|Any CPU
		{C981A7F4-DCEF-4587-8C87-773FEA962A7E}.Debug|Any CPU.ActiveCfg = Debug|Any CPU
		{C981A7F4-DCEF-4587-8C87-773FEA962A7E}.Debug|Any CPU.Build.0 = Debug|Any CPU
		{C981A7F4-DCEF-4587-8C87-773FEA962A7E}.Release|Any CPU.ActiveCfg = Release|Any CPU
		{C981A7F4-DCEF-4587-8C87-773FEA962A7E}.Release|Any CPU.Build.0 = Release|Any CPU
	EndGlobalSection
	GlobalSection(SolutionProperties) = preSolution
		HideSolutionNode = FALSE
	EndGlobalSection
	GlobalSection(NestedProjects) = preSolution
		{36151EEE-45A3-43F5-9A76-618391EFC894} = {948AB31A-D962-4A81-A640-A4E8AECAA219}
		{12A5F440-C4EA-4291-A007-522031B587A0} = {948AB31A-D962-4A81-A640-A4E8AECAA219}
		{EE27D33C-1B4A-4B4C-B26E-1860BDCEAD14} = {948AB31A-D962-4A81-A640-A4E8AECAA219}
		{15DBAD79-8064-4052-88D4-9317559AD0AC} = {12A5F440-C4EA-4291-A007-522031B587A0}
		{F08F21C4-AD6A-4AED-9B5D-78766986AC89} = {12A5F440-C4EA-4291-A007-522031B587A0}
		{7E56E7B4-718C-420C-BAB3-34B205FAD498} = {EE27D33C-1B4A-4B4C-B26E-1860BDCEAD14}
		{A9CE3C58-3554-4BC2-BB30-4B4AE4CBA79B} = {EE27D33C-1B4A-4B4C-B26E-1860BDCEAD14}
		{5D5F0651-FA46-4857-B6DA-1F4501DCA470} = {EE27D33C-1B4A-4B4C-B26E-1860BDCEAD14}
		{C981A7F4-DCEF-4587-8C87-773FEA962A7E} = {12D1BC84-FFDE-4EFD-95BD-21EAB32341A0}
	EndGlobalSection
	GlobalSection(ExtensibilityGlobals) = postSolution
		SolutionGuid = {0FB927E0-BAF8-492C-976A-99307FEA5E63}
	EndGlobalSection
EndGlobal
